// !$*UTF8*$!
{
	archiveVersion = 1;
	classes = {
	};
	objectVersion = 55;
	objects = {

/* Begin PBXBuildFile section */
		FF85FAB728BFEBAE00B68C1A /* AppDelegate.swift in Sources */ = {isa = PBXBuildFile; fileRef = FF85FAB628BFEBAE00B68C1A /* AppDelegate.swift */; };
		FF85FAB928BFEBAE00B68C1A /* SceneDelegate.swift in Sources */ = {isa = PBXBuildFile; fileRef = FF85FAB828BFEBAE00B68C1A /* SceneDelegate.swift */; };
		FF85FAC128BFEBAE00B68C1A /* FavoriteMovies.xcdatamodeld in Sources */ = {isa = PBXBuildFile; fileRef = FF85FABF28BFEBAE00B68C1A /* FavoriteMovies.xcdatamodeld */; };
		FF85FAC328BFEBC100B68C1A /* Assets.xcassets in Resources */ = {isa = PBXBuildFile; fileRef = FF85FAC228BFEBC100B68C1A /* Assets.xcassets */; };
		FF85FAD628BFF93D00B68C1A /* ListVC.swift in Sources */ = {isa = PBXBuildFile; fileRef = FF85FAD428BFF93D00B68C1A /* ListVC.swift */; };
		FF85FAD728BFF93D00B68C1A /* ListVC.xib in Resources */ = {isa = PBXBuildFile; fileRef = FF85FAD528BFF93D00B68C1A /* ListVC.xib */; };
		FF85FAD928BFF98D00B68C1A /* ListViewModel.swift in Sources */ = {isa = PBXBuildFile; fileRef = FF85FAD828BFF98D00B68C1A /* ListViewModel.swift */; };
		FF85FADC28C0A1C900B68C1A /* PersistenceManager.swift in Sources */ = {isa = PBXBuildFile; fileRef = FF85FADB28C0A1C900B68C1A /* PersistenceManager.swift */; };
		FF85FADE28C0A3ED00B68C1A /* CoreDataManager.swift in Sources */ = {isa = PBXBuildFile; fileRef = FF85FADD28C0A3EC00B68C1A /* CoreDataManager.swift */; };
		FF85FAE128C0BF9E00B68C1A /* ShowError.swift in Sources */ = {isa = PBXBuildFile; fileRef = FF85FAE028C0BF9D00B68C1A /* ShowError.swift */; };
		FF85FAE528C11B4400B68C1A /* MovieCell.swift in Sources */ = {isa = PBXBuildFile; fileRef = FF85FAE328C11B4400B68C1A /* MovieCell.swift */; };
		FF85FAE628C11B4400B68C1A /* MovieCell.xib in Resources */ = {isa = PBXBuildFile; fileRef = FF85FAE428C11B4400B68C1A /* MovieCell.xib */; };
		FF85FAEA28C130F000B68C1A /* SortingCase.swift in Sources */ = {isa = PBXBuildFile; fileRef = FF85FAE928C130EF00B68C1A /* SortingCase.swift */; };
/* End PBXBuildFile section */

/* Begin PBXFileReference section */
		FF85FAB328BFEBAE00B68C1A /* FavoriteMovies.app */ = {isa = PBXFileReference; explicitFileType = wrapper.application; includeInIndex = 0; path = FavoriteMovies.app; sourceTree = BUILT_PRODUCTS_DIR; };
		FF85FAB628BFEBAE00B68C1A /* AppDelegate.swift */ = {isa = PBXFileReference; lastKnownFileType = sourcecode.swift; path = AppDelegate.swift; sourceTree = "<group>"; };
		FF85FAB828BFEBAE00B68C1A /* SceneDelegate.swift */ = {isa = PBXFileReference; lastKnownFileType = sourcecode.swift; path = SceneDelegate.swift; sourceTree = "<group>"; };
		FF85FAC028BFEBAE00B68C1A /* FavoriteMovies.xcdatamodel */ = {isa = PBXFileReference; lastKnownFileType = wrapper.xcdatamodel; path = FavoriteMovies.xcdatamodel; sourceTree = "<group>"; };
		FF85FAC228BFEBC100B68C1A /* Assets.xcassets */ = {isa = PBXFileReference; lastKnownFileType = folder.assetcatalog; path = Assets.xcassets; sourceTree = "<group>"; };
		FF85FAC728BFEBC100B68C1A /* Info.plist */ = {isa = PBXFileReference; lastKnownFileType = text.plist.xml; path = Info.plist; sourceTree = "<group>"; };
		FF85FAD428BFF93D00B68C1A /* ListVC.swift */ = {isa = PBXFileReference; lastKnownFileType = sourcecode.swift; path = ListVC.swift; sourceTree = "<group>"; };
		FF85FAD528BFF93D00B68C1A /* ListVC.xib */ = {isa = PBXFileReference; lastKnownFileType = file.xib; path = ListVC.xib; sourceTree = "<group>"; };
		FF85FAD828BFF98D00B68C1A /* ListViewModel.swift */ = {isa = PBXFileReference; lastKnownFileType = sourcecode.swift; path = ListViewModel.swift; sourceTree = "<group>"; };
		FF85FADB28C0A1C900B68C1A /* PersistenceManager.swift */ = {isa = PBXFileReference; lastKnownFileType = sourcecode.swift; path = PersistenceManager.swift; sourceTree = "<group>"; };
		FF85FADD28C0A3EC00B68C1A /* CoreDataManager.swift */ = {isa = PBXFileReference; lastKnownFileType = sourcecode.swift; path = CoreDataManager.swift; sourceTree = "<group>"; };
		FF85FAE028C0BF9D00B68C1A /* ShowError.swift */ = {isa = PBXFileReference; lastKnownFileType = sourcecode.swift; path = ShowError.swift; sourceTree = "<group>"; };
		FF85FAE328C11B4400B68C1A /* MovieCell.swift */ = {isa = PBXFileReference; lastKnownFileType = sourcecode.swift; path = MovieCell.swift; sourceTree = "<group>"; };
		FF85FAE428C11B4400B68C1A /* MovieCell.xib */ = {isa = PBXFileReference; lastKnownFileType = file.xib; path = MovieCell.xib; sourceTree = "<group>"; };
		FF85FAE928C130EF00B68C1A /* SortingCase.swift */ = {isa = PBXFileReference; lastKnownFileType = sourcecode.swift; path = SortingCase.swift; sourceTree = "<group>"; };
/* End PBXFileReference section */

/* Begin PBXFrameworksBuildPhase section */
		FF85FAB028BFEBAE00B68C1A /* Frameworks */ = {
			isa = PBXFrameworksBuildPhase;
			buildActionMask = 2147483647;
			files = (
			);
			runOnlyForDeploymentPostprocessing = 0;
		};
/* End PBXFrameworksBuildPhase section */

/* Begin PBXGroup section */
		FF85FAAA28BFEBAD00B68C1A = {
			isa = PBXGroup;
			children = (
				FF85FAB528BFEBAE00B68C1A /* FavoriteMovies */,
				FF85FAB428BFEBAE00B68C1A /* Products */,
			);
			sourceTree = "<group>";
		};
		FF85FAB428BFEBAE00B68C1A /* Products */ = {
			isa = PBXGroup;
			children = (
				FF85FAB328BFEBAE00B68C1A /* FavoriteMovies.app */,
			);
			name = Products;
			sourceTree = "<group>";
		};
		FF85FAB528BFEBAE00B68C1A /* FavoriteMovies */ = {
			isa = PBXGroup;
			children = (
				FF85FAE828C130BB00B68C1A /* Enums */,
				FF85FAE228C11B0000B68C1A /* Views */,
				FF85FADF28C0BF7E00B68C1A /* Extensions */,
				FF85FADA28C0A19F00B68C1A /* Managers */,
				FF85FAD228BFF8FB00B68C1A /* Controllers */,
				FF85FACE28BFEC3500B68C1A /* Resources */,
				FF85FACD28BFEBE200B68C1A /* App */,
			);
			path = FavoriteMovies;
			sourceTree = "<group>";
		};
		FF85FACD28BFEBE200B68C1A /* App */ = {
			isa = PBXGroup;
			children = (
				FF85FAB628BFEBAE00B68C1A /* AppDelegate.swift */,
				FF85FAB828BFEBAE00B68C1A /* SceneDelegate.swift */,
				FF85FAC728BFEBC100B68C1A /* Info.plist */,
			);
			path = App;
			sourceTree = "<group>";
		};
		FF85FACE28BFEC3500B68C1A /* Resources */ = {
			isa = PBXGroup;
			children = (
				FF85FAC228BFEBC100B68C1A /* Assets.xcassets */,
				FF85FABF28BFEBAE00B68C1A /* FavoriteMovies.xcdatamodeld */,
			);
			path = Resources;
			sourceTree = "<group>";
		};
		FF85FAD228BFF8FB00B68C1A /* Controllers */ = {
			isa = PBXGroup;
			children = (
				FF85FAD328BFF90E00B68C1A /* ListVC */,
			);
			path = Controllers;
			sourceTree = "<group>";
		};
		FF85FAD328BFF90E00B68C1A /* ListVC */ = {
			isa = PBXGroup;
			children = (
				FF85FAD428BFF93D00B68C1A /* ListVC.swift */,
				FF85FAD528BFF93D00B68C1A /* ListVC.xib */,
				FF85FAD828BFF98D00B68C1A /* ListViewModel.swift */,
			);
			path = ListVC;
			sourceTree = "<group>";
		};
		FF85FADA28C0A19F00B68C1A /* Managers */ = {
			isa = PBXGroup;
			children = (
				FF85FADB28C0A1C900B68C1A /* PersistenceManager.swift */,
				FF85FADD28C0A3EC00B68C1A /* CoreDataManager.swift */,
			);
			path = Managers;
			sourceTree = "<group>";
		};
		FF85FADF28C0BF7E00B68C1A /* Extensions */ = {
			isa = PBXGroup;
			children = (
				FF85FAE028C0BF9D00B68C1A /* ShowError.swift */,
			);
			path = Extensions;
			sourceTree = "<group>";
		};
		FF85FAE228C11B0000B68C1A /* Views */ = {
			isa = PBXGroup;
			children = (
				FF85FAE728C11B5200B68C1A /* MovieCell */,
			);
			path = Views;
			sourceTree = "<group>";
		};
		FF85FAE728C11B5200B68C1A /* MovieCell */ = {
			isa = PBXGroup;
			children = (
				FF85FAE328C11B4400B68C1A /* MovieCell.swift */,
				FF85FAE428C11B4400B68C1A /* MovieCell.xib */,
			);
			path = MovieCell;
			sourceTree = "<group>";
		};
		FF85FAE828C130BB00B68C1A /* Enums */ = {
			isa = PBXGroup;
			children = (
				FF85FAE928C130EF00B68C1A /* SortingCase.swift */,
			);
			path = Enums;
			sourceTree = "<group>";
		};
/* End PBXGroup section */

/* Begin PBXNativeTarget section */
		FF85FAB228BFEBAE00B68C1A /* FavoriteMovies */ = {
			isa = PBXNativeTarget;
			buildConfigurationList = FF85FACA28BFEBC100B68C1A /* Build configuration list for PBXNativeTarget "FavoriteMovies" */;
			buildPhases = (
				FF85FAAF28BFEBAE00B68C1A /* Sources */,
				FF85FAB028BFEBAE00B68C1A /* Frameworks */,
				FF85FAB128BFEBAE00B68C1A /* Resources */,
			);
			buildRules = (
			);
			dependencies = (
			);
			name = FavoriteMovies;
			packageProductDependencies = (
			);
			productName = FavoriteMovies;
			productReference = FF85FAB328BFEBAE00B68C1A /* FavoriteMovies.app */;
			productType = "com.apple.product-type.application";
		};
/* End PBXNativeTarget section */

/* Begin PBXProject section */
		FF85FAAB28BFEBAD00B68C1A /* Project object */ = {
			isa = PBXProject;
			attributes = {
				BuildIndependentTargetsInParallel = 1;
				LastSwiftUpdateCheck = 1340;
				LastUpgradeCheck = 1340;
				TargetAttributes = {
					FF85FAB228BFEBAE00B68C1A = {
						CreatedOnToolsVersion = 13.4.1;
					};
				};
			};
			buildConfigurationList = FF85FAAE28BFEBAD00B68C1A /* Build configuration list for PBXProject "FavoriteMovies" */;
			compatibilityVersion = "Xcode 13.0";
			developmentRegion = en;
			hasScannedForEncodings = 0;
			knownRegions = (
				en,
				Base,
			);
			mainGroup = FF85FAAA28BFEBAD00B68C1A;
			packageReferences = (
			);
			productRefGroup = FF85FAB428BFEBAE00B68C1A /* Products */;
			projectDirPath = "";
			projectRoot = "";
			targets = (
				FF85FAB228BFEBAE00B68C1A /* FavoriteMovies */,
			);
		};
/* End PBXProject section */

/* Begin PBXResourcesBuildPhase section */
		FF85FAB128BFEBAE00B68C1A /* Resources */ = {
			isa = PBXResourcesBuildPhase;
			buildActionMask = 2147483647;
			files = (
				FF85FAE628C11B4400B68C1A /* MovieCell.xib in Resources */,
				FF85FAD728BFF93D00B68C1A /* ListVC.xib in Resources */,
				FF85FAC328BFEBC100B68C1A /* Assets.xcassets in Resources */,
			);
			runOnlyForDeploymentPostprocessing = 0;
		};
/* End PBXResourcesBuildPhase section */

/* Begin PBXSourcesBuildPhase section */
		FF85FAAF28BFEBAE00B68C1A /* Sources */ = {
			isa = PBXSourcesBuildPhase;
			buildActionMask = 2147483647;
			files = (
				FF85FAD928BFF98D00B68C1A /* ListViewModel.swift in Sources */,
				FF85FAD628BFF93D00B68C1A /* ListVC.swift in Sources */,
				FF85FAE528C11B4400B68C1A /* MovieCell.swift in Sources */,
				FF85FAB728BFEBAE00B68C1A /* AppDelegate.swift in Sources */,
				FF85FADC28C0A1C900B68C1A /* PersistenceManager.swift in Sources */,
				FF85FAC128BFEBAE00B68C1A /* FavoriteMovies.xcdatamodeld in Sources */,
				FF85FAEA28C130F000B68C1A /* SortingCase.swift in Sources */,
				FF85FAE128C0BF9E00B68C1A /* ShowError.swift in Sources */,
				FF85FADE28C0A3ED00B68C1A /* CoreDataManager.swift in Sources */,
				FF85FAB928BFEBAE00B68C1A /* SceneDelegate.swift in Sources */,
			);
			runOnlyForDeploymentPostprocessing = 0;
		};
/* End PBXSourcesBuildPhase section */

/* Begin XCBuildConfiguration section */
		FF85FAC828BFEBC100B68C1A /* Debug */ = {
			isa = XCBuildConfiguration;
			buildSettings = {
				ALWAYS_SEARCH_USER_PATHS = NO;
				CLANG_ANALYZER_NONNULL = YES;
				CLANG_ANALYZER_NUMBER_OBJECT_CONVERSION = YES_AGGRESSIVE;
				CLANG_CXX_LANGUAGE_STANDARD = "gnu++17";
				CLANG_ENABLE_MODULES = YES;
				CLANG_ENABLE_OBJC_ARC = YES;
				CLANG_ENABLE_OBJC_WEAK = YES;
				CLANG_WARN_BLOCK_CAPTURE_AUTORELEASING = YES;
				CLANG_WARN_BOOL_CONVERSION = YES;
				CLANG_WARN_COMMA = YES;
				CLANG_WARN_CONSTANT_CONVERSION = YES;
				CLANG_WARN_DEPRECATED_OBJC_IMPLEMENTATIONS = YES;
				CLANG_WARN_DIRECT_OBJC_ISA_USAGE = YES_ERROR;
				CLANG_WARN_DOCUMENTATION_COMMENTS = YES;
				CLANG_WARN_EMPTY_BODY = YES;
				CLANG_WARN_ENUM_CONVERSION = YES;
				CLANG_WARN_INFINITE_RECURSION = YES;
				CLANG_WARN_INT_CONVERSION = YES;
				CLANG_WARN_NON_LITERAL_NULL_CONVERSION = YES;
				CLANG_WARN_OBJC_IMPLICIT_RETAIN_SELF = YES;
				CLANG_WARN_OBJC_LITERAL_CONVERSION = YES;
				CLANG_WARN_OBJC_ROOT_CLASS = YES_ERROR;
				CLANG_WARN_QUOTED_INCLUDE_IN_FRAMEWORK_HEADER = YES;
				CLANG_WARN_RANGE_LOOP_ANALYSIS = YES;
				CLANG_WARN_STRICT_PROTOTYPES = YES;
				CLANG_WARN_SUSPICIOUS_MOVE = YES;
				CLANG_WARN_UNGUARDED_AVAILABILITY = YES_AGGRESSIVE;
				CLANG_WARN_UNREACHABLE_CODE = YES;
				CLANG_WARN__DUPLICATE_METHOD_MATCH = YES;
				COPY_PHASE_STRIP = NO;
				DEBUG_INFORMATION_FORMAT = dwarf;
				ENABLE_STRICT_OBJC_MSGSEND = YES;
				ENABLE_TESTABILITY = YES;
				GCC_C_LANGUAGE_STANDARD = gnu11;
				GCC_DYNAMIC_NO_PIC = NO;
				GCC_NO_COMMON_BLOCKS = YES;
				GCC_OPTIMIZATION_LEVEL = 0;
				GCC_PREPROCESSOR_DEFINITIONS = (
					"DEBUG=1",
					"$(inherited)",
				);
				GCC_WARN_64_TO_32_BIT_CONVERSION = YES;
				GCC_WARN_ABOUT_RETURN_TYPE = YES_ERROR;
				GCC_WARN_UNDECLARED_SELECTOR = YES;
				GCC_WARN_UNINITIALIZED_AUTOS = YES_AGGRESSIVE;
				GCC_WARN_UNUSED_FUNCTION = YES;
				GCC_WARN_UNUSED_VARIABLE = YES;
				IPHONEOS_DEPLOYMENT_TARGET = 15.5;
				MTL_ENABLE_DEBUG_INFO = INCLUDE_SOURCE;
				MTL_FAST_MATH = YES;
				ONLY_ACTIVE_ARCH = YES;
				SDKROOT = iphoneos;
				SWIFT_ACTIVE_COMPILATION_CONDITIONS = DEBUG;
				SWIFT_OPTIMIZATION_LEVEL = "-Onone";
			};
			name = Debug;
		};
		FF85FAC928BFEBC100B68C1A /* Release */ = {
			isa = XCBuildConfiguration;
			buildSettings = {
				ALWAYS_SEARCH_USER_PATHS = NO;
				CLANG_ANALYZER_NONNULL = YES;
				CLANG_ANALYZER_NUMBER_OBJECT_CONVERSION = YES_AGGRESSIVE;
				CLANG_CXX_LANGUAGE_STANDARD = "gnu++17";
				CLANG_ENABLE_MODULES = YES;
				CLANG_ENABLE_OBJC_ARC = YES;
				CLANG_ENABLE_OBJC_WEAK = YES;
				CLANG_WARN_BLOCK_CAPTURE_AUTORELEASING = YES;
				CLANG_WARN_BOOL_CONVERSION = YES;
				CLANG_WARN_COMMA = YES;
				CLANG_WARN_CONSTANT_CONVERSION = YES;
				CLANG_WARN_DEPRECATED_OBJC_IMPLEMENTATIONS = YES;
				CLANG_WARN_DIRECT_OBJC_ISA_USAGE = YES_ERROR;
				CLANG_WARN_DOCUMENTATION_COMMENTS = YES;
				CLANG_WARN_EMPTY_BODY = YES;
				CLANG_WARN_ENUM_CONVERSION = YES;
				CLANG_WARN_INFINITE_RECURSION = YES;
				CLANG_WARN_INT_CONVERSION = YES;
				CLANG_WARN_NON_LITERAL_NULL_CONVERSION = YES;
				CLANG_WARN_OBJC_IMPLICIT_RETAIN_SELF = YES;
				CLANG_WARN_OBJC_LITERAL_CONVERSION = YES;
				CLANG_WARN_OBJC_ROOT_CLASS = YES_ERROR;
				CLANG_WARN_QUOTED_INCLUDE_IN_FRAMEWORK_HEADER = YES;
				CLANG_WARN_RANGE_LOOP_ANALYSIS = YES;
				CLANG_WARN_STRICT_PROTOTYPES = YES;
				CLANG_WARN_SUSPICIOUS_MOVE = YES;
				CLANG_WARN_UNGUARDED_AVAILABILITY = YES_AGGRESSIVE;
				CLANG_WARN_UNREACHABLE_CODE = YES;
				CLANG_WARN__DUPLICATE_METHOD_MATCH = YES;
				COPY_PHASE_STRIP = NO;
				DEBUG_INFORMATION_FORMAT = "dwarf-with-dsym";
				ENABLE_NS_ASSERTIONS = NO;
				ENABLE_STRICT_OBJC_MSGSEND = YES;
				GCC_C_LANGUAGE_STANDARD = gnu11;
				GCC_NO_COMMON_BLOCKS = YES;
				GCC_WARN_64_TO_32_BIT_CONVERSION = YES;
				GCC_WARN_ABOUT_RETURN_TYPE = YES_ERROR;
				GCC_WARN_UNDECLARED_SELECTOR = YES;
				GCC_WARN_UNINITIALIZED_AUTOS = YES_AGGRESSIVE;
				GCC_WARN_UNUSED_FUNCTION = YES;
				GCC_WARN_UNUSED_VARIABLE = YES;
				IPHONEOS_DEPLOYMENT_TARGET = 15.5;
				MTL_ENABLE_DEBUG_INFO = NO;
				MTL_FAST_MATH = YES;
				SDKROOT = iphoneos;
				SWIFT_COMPILATION_MODE = wholemodule;
				SWIFT_OPTIMIZATION_LEVEL = "-O";
				VALIDATE_PRODUCT = YES;
			};
			name = Release;
		};
		FF85FACB28BFEBC100B68C1A /* Debug */ = {
			isa = XCBuildConfiguration;
			buildSettings = {
				ASSETCATALOG_COMPILER_APPICON_NAME = AppIcon;
				ASSETCATALOG_COMPILER_GLOBAL_ACCENT_COLOR_NAME = AccentColor;
				CODE_SIGN_STYLE = Automatic;
				CURRENT_PROJECT_VERSION = 1;
				DEVELOPMENT_TEAM = AF68Y4A9MG;
				GENERATE_INFOPLIST_FILE = YES;
				INFOPLIST_FILE = FavoriteMovies/App/Info.plist;
				INFOPLIST_KEY_UIApplicationSupportsIndirectInputEvents = YES;
				INFOPLIST_KEY_UILaunchStoryboardName = LaunchScreen;
				INFOPLIST_KEY_UISupportedInterfaceOrientations_iPad = "UIInterfaceOrientationPortrait UIInterfaceOrientationPortraitUpsideDown UIInterfaceOrientationLandscapeLeft UIInterfaceOrientationLandscapeRight";
				INFOPLIST_KEY_UISupportedInterfaceOrientations_iPhone = "UIInterfaceOrientationPortrait UIInterfaceOrientationLandscapeLeft UIInterfaceOrientationLandscapeRight";
				LD_RUNPATH_SEARCH_PATHS = (
					"$(inherited)",
					"@executable_path/Frameworks",
				);
				MARKETING_VERSION = 1.0;
				PRODUCT_BUNDLE_IDENTIFIER = "-.FavoriteMovies";
				PRODUCT_NAME = "$(TARGET_NAME)";
				SWIFT_EMIT_LOC_STRINGS = YES;
				SWIFT_VERSION = 5.0;
				TARGETED_DEVICE_FAMILY = "1,2";
			};
			name = Debug;
		};
		FF85FACC28BFEBC100B68C1A /* Release */ = {
			isa = XCBuildConfiguration;
			buildSettings = {
				ASSETCATALOG_COMPILER_APPICON_NAME = AppIcon;
				ASSETCATALOG_COMPILER_GLOBAL_ACCENT_COLOR_NAME = AccentColor;
				CODE_SIGN_STYLE = Automatic;
				CURRENT_PROJECT_VERSION = 1;
				DEVELOPMENT_TEAM = AF68Y4A9MG;
				GENERATE_INFOPLIST_FILE = YES;
				INFOPLIST_FILE = FavoriteMovies/App/Info.plist;
				INFOPLIST_KEY_UIApplicationSupportsIndirectInputEvents = YES;
				INFOPLIST_KEY_UILaunchStoryboardName = LaunchScreen;
				INFOPLIST_KEY_UISupportedInterfaceOrientations_iPad = "UIInterfaceOrientationPortrait UIInterfaceOrientationPortraitUpsideDown UIInterfaceOrientationLandscapeLeft UIInterfaceOrientationLandscapeRight";
				INFOPLIST_KEY_UISupportedInterfaceOrientations_iPhone = "UIInterfaceOrientationPortrait UIInterfaceOrientationLandscapeLeft UIInterfaceOrientationLandscapeRight";
				LD_RUNPATH_SEARCH_PATHS = (
					"$(inherited)",
					"@executable_path/Frameworks",
				);
				MARKETING_VERSION = 1.0;
				PRODUCT_BUNDLE_IDENTIFIER = "-.FavoriteMovies";
				PRODUCT_NAME = "$(TARGET_NAME)";
				SWIFT_EMIT_LOC_STRINGS = YES;
				SWIFT_VERSION = 5.0;
				TARGETED_DEVICE_FAMILY = "1,2";
			};
			name = Release;
		};
/* End XCBuildConfiguration section */

/* Begin XCConfigurationList section */
		FF85FAAE28BFEBAD00B68C1A /* Build configuration list for PBXProject "FavoriteMovies" */ = {
			isa = XCConfigurationList;
			buildConfigurations = (
				FF85FAC828BFEBC100B68C1A /* Debug */,
				FF85FAC928BFEBC100B68C1A /* Release */,
			);
			defaultConfigurationIsVisible = 0;
			defaultConfigurationName = Release;
		};
		FF85FACA28BFEBC100B68C1A /* Build configuration list for PBXNativeTarget "FavoriteMovies" */ = {
			isa = XCConfigurationList;
			buildConfigurations = (
				FF85FACB28BFEBC100B68C1A /* Debug */,
				FF85FACC28BFEBC100B68C1A /* Release */,
			);
			defaultConfigurationIsVisible = 0;
			defaultConfigurationName = Release;
		};
/* End XCConfigurationList section */

/* Begin XCVersionGroup section */
		FF85FABF28BFEBAE00B68C1A /* FavoriteMovies.xcdatamodeld */ = {
			isa = XCVersionGroup;
			children = (
				FF85FAC028BFEBAE00B68C1A /* FavoriteMovies.xcdatamodel */,
			);
			currentVersion = FF85FAC028BFEBAE00B68C1A /* FavoriteMovies.xcdatamodel */;
			path = FavoriteMovies.xcdatamodeld;
			sourceTree = "<group>";
			versionGroupType = wrapper.xcdatamodel;
		};
/* End XCVersionGroup section */
	};
	rootObject = FF85FAAB28BFEBAD00B68C1A /* Project object */;
}
